
Microsoft Visual Studio Solution File, Format Version 12.00
# Visual Studio Version 16
VisualStudioVersion = 16.0.28803.452
MinimumVisualStudioVersion = 10.0.40219.1
Project("{8BC9CEB8-8B4A-11D0-8D11-00A0C91BC942}") = "OpenAuraSDK", "OpenAuraSDK.vcxproj", "{6D22BFF3-C1DF-407A-8816-05D63919A991}"
EndProject
Global
	GlobalSection(SolutionConfigurationPlatforms) = preSolution
		Debug|x64 = Debug|x64
		Debug|x86 = Debug|x86
		Release|x64 = Release|x64
		Release|x86 = Release|x86
	EndGlobalSection
	GlobalSection(ProjectConfigurationPlatforms) = postSolution
		{6D22BFF3-C1DF-407A-8816-05D63919A991}.Debug|x64.ActiveCfg = Debug|x64
		{6D22BFF3-C1DF-407A-8816-05D63919A991}.Debug|x64.Build.0 = Debug|x64
		{6D22BFF3-C1DF-407A-8816-05D63919A991}.Debug|x86.ActiveCfg = Debug|Win32
		{6D22BFF3-C1DF-407A-8816-05D63919A991}.Debug|x86.Build.0 = Debug|Win32
		{6D22BFF3-C1DF-407A-8816-05D63919A991}.Release|x64.ActiveCfg = Release|x64
		{6D22BFF3-C1DF-407A-8816-05D63919A991}.Release|x64.Build.0 = Release|x64
		{6D22BFF3-C1DF-407A-8816-05D63919A991}.Release|x86.ActiveCfg = Release|Win32
		{6D22BFF3-C1DF-407A-8816-05D63919A991}.Release|x86.Build.0 = Release|Win32
	EndGlobalSection
	GlobalSection(SolutionProperties) = preSolution
		HideSolutionNode = FALSE
	EndGlobalSection
	GlobalSection(ExtensibilityGlobals) = postSolution
		SolutionGuid = {A2BB3E13-D506-413D-900E-F2B1323B3BB3}
	EndGlobalSection
EndGlobal
